PODS:
  - FluentDarkModeKit (1.0.1)
  - Localize-Swift (3.2.0):
    - Localize-Swift/LocalizeSwiftCore (= 3.2.0)
    - Localize-Swift/UIKit (= 3.2.0)
  - Localize-Swift/LocalizeSwiftCore (3.2.0)
  - Localize-Swift/UIKit (3.2.0):
    - Localize-Swift/LocalizeSwiftCore
  - SideMenu (6.5.0)
  - SQLite.swift (0.12.2):
    - SQLite.swift/standard (= 0.12.2)
  - SQLite.swift/standard (0.12.2)

DEPENDENCIES:
  - FluentDarkModeKit
  - Localize-Swift
  - SideMenu
  - SQLite.swift

SPEC REPOS:
  trunk:
    - FluentDarkModeKit
    - Localize-Swift
    - SideMenu
    - SQLite.swift

SPEC CHECKSUMS:
  FluentDarkModeKit: 0c5f31ca81eb058f3e8b6d79b3d08afbe7c40c42
  Localize-Swift: 6f4475136bdb0d7b2882ea3d4ea919d70142b232
  SideMenu: f583187d21c5b1dd04c72002be544b555a2627a2
  SQLite.swift: d2b4642190917051ce6bd1d49aab565fe794eea3

PODFILE CHECKSUM: 2876bcbe203eaf6b79d0f039d2f6e8fc85519a69

COCOAPODS: 1.10.1
